
Microsoft Visual Studio Solution File, Format Version 12.00
# Visual Studio Version 17
VisualStudioVersion = 17.13.35931.197
MinimumVisualStudioVersion = 10.0.40219.1
Project("{FAE04EC0-301F-11D3-BF4B-00C04F79EFBC}") = "EntityFrameworkCoreEncryptColumnExample", "EntityFrameworkCoreEncryptColumnExample\EntityFrameworkCoreEncryptColumnExample.csproj", "{0C5587FF-F004-4008-9684-861D0A73BC67}"
EndProject
Project("{FAE04EC0-301F-11D3-BF4B-00C04F79EFBC}") = "EFCoreEncryptionExampleConsole", "EFCoreEncryptionExampleConsole\EFCoreEncryptionExampleConsole.csproj", "{DEDC8C21-88B8-48E0-BD71-2CACBAFD1763}"
EndProject
Project("{FAE04EC0-301F-11D3-BF4B-00C04F79EFBC}") = "Utilities", "Utilities\Utilities.csproj", "{EAC57B66-2ADC-4637-83B0-995828ACA3FB}"
EndProject
Global
	GlobalSection(SolutionConfigurationPlatforms) = preSolution
		Debug|Any CPU = Debug|Any CPU
		Release|Any CPU = Release|Any CPU
	EndGlobalSection
	GlobalSection(ProjectConfigurationPlatforms) = postSolution
		{0C5587FF-F004-4008-9684-861D0A73BC67}.Debug|Any CPU.ActiveCfg = Debug|Any CPU
		{0C5587FF-F004-4008-9684-861D0A73BC67}.Debug|Any CPU.Build.0 = Debug|Any CPU
		{0C5587FF-F004-4008-9684-861D0A73BC67}.Release|Any CPU.ActiveCfg = Release|Any CPU
		{0C5587FF-F004-4008-9684-861D0A73BC67}.Release|Any CPU.Build.0 = Release|Any CPU
		{DEDC8C21-88B8-48E0-BD71-2CACBAFD1763}.Debug|Any CPU.ActiveCfg = Debug|Any CPU
		{DEDC8C21-88B8-48E0-BD71-2CACBAFD1763}.Debug|Any CPU.Build.0 = Debug|Any CPU
		{DEDC8C21-88B8-48E0-BD71-2CACBAFD1763}.Release|Any CPU.ActiveCfg = Release|Any CPU
		{DEDC8C21-88B8-48E0-BD71-2CACBAFD1763}.Release|Any CPU.Build.0 = Release|Any CPU
		{EAC57B66-2ADC-4637-83B0-995828ACA3FB}.Debug|Any CPU.ActiveCfg = Debug|Any CPU
		{EAC57B66-2ADC-4637-83B0-995828ACA3FB}.Debug|Any CPU.Build.0 = Debug|Any CPU
		{EAC57B66-2ADC-4637-83B0-995828ACA3FB}.Release|Any CPU.ActiveCfg = Release|Any CPU
		{EAC57B66-2ADC-4637-83B0-995828ACA3FB}.Release|Any CPU.Build.0 = Release|Any CPU
	EndGlobalSection
	GlobalSection(SolutionProperties) = preSolution
		HideSolutionNode = FALSE
	EndGlobalSection
	GlobalSection(ExtensibilityGlobals) = postSolution
		SolutionGuid = {3A952D6F-A82A-4312-8CFF-7B6FA62ECAB4}
	EndGlobalSection
EndGlobal
